
Microsoft Visual Studio Solution File, Format Version 12.00
# Visual Studio Version 17
VisualStudioVersion = 17.9.34701.34
MinimumVisualStudioVersion = 10.0.40219.1
Project("{FAE04EC0-301F-11D3-BF4B-00C04F79EFBC}") = "25-Classes-STATIC", "25-Classes-STATIC.csproj", "{2E3CFF3E-5BB5-42A5-AB08-09A5E4F66502}"
EndProject
Global
	GlobalSection(SolutionConfigurationPlatforms) = preSolution
		Debug|Any CPU = Debug|Any CPU
		Release|Any CPU = Release|Any CPU
	EndGlobalSection
	GlobalSection(ProjectConfigurationPlatforms) = postSolution
		{2E3CFF3E-5BB5-42A5-AB08-09A5E4F66502}.Debug|Any CPU.ActiveCfg = Debug|Any CPU
		{2E3CFF3E-5BB5-42A5-AB08-09A5E4F66502}.Debug|Any CPU.Build.0 = Debug|Any CPU
		{2E3CFF3E-5BB5-42A5-AB08-09A5E4F66502}.Release|Any CPU.ActiveCfg = Release|Any CPU
		{2E3CFF3E-5BB5-42A5-AB08-09A5E4F66502}.Release|Any CPU.Build.0 = Release|Any CPU
	EndGlobalSection
	GlobalSection(SolutionProperties) = preSolution
		HideSolutionNode = FALSE
	EndGlobalSection
	GlobalSection(ExtensibilityGlobals) = postSolution
		SolutionGuid = {2686F354-6BBC-4CB4-B9A9-579A17C27371}
	EndGlobalSection
EndGlobal
