
Microsoft Visual Studio Solution File, Format Version 12.00
# Visual Studio Version 17
VisualStudioVersion = 17.9.34701.34
MinimumVisualStudioVersion = 10.0.40219.1
Project("{FAE04EC0-301F-11D3-BF4B-00C04F79EFBC}") = "16-DO-WHILE", "16-DO-WHILE.csproj", "{5929741A-544C-406A-BC5A-54093BF45CB1}"
EndProject
Global
	GlobalSection(SolutionConfigurationPlatforms) = preSolution
		Debug|Any CPU = Debug|Any CPU
		Release|Any CPU = Release|Any CPU
	EndGlobalSection
	GlobalSection(ProjectConfigurationPlatforms) = postSolution
		{5929741A-544C-406A-BC5A-54093BF45CB1}.Debug|Any CPU.ActiveCfg = Debug|Any CPU
		{5929741A-544C-406A-BC5A-54093BF45CB1}.Debug|Any CPU.Build.0 = Debug|Any CPU
		{5929741A-544C-406A-BC5A-54093BF45CB1}.Release|Any CPU.ActiveCfg = Release|Any CPU
		{5929741A-544C-406A-BC5A-54093BF45CB1}.Release|Any CPU.Build.0 = Release|Any CPU
	EndGlobalSection
	GlobalSection(SolutionProperties) = preSolution
		HideSolutionNode = FALSE
	EndGlobalSection
	GlobalSection(ExtensibilityGlobals) = postSolution
		SolutionGuid = {ED1597B5-9E21-42B6-B37D-6ECE3C6A08DF}
	EndGlobalSection
EndGlobal
