
Microsoft Visual Studio Solution File, Format Version 12.00
# Visual Studio Version 17
VisualStudioVersion = 17.9.34701.34
MinimumVisualStudioVersion = 10.0.40219.1
Project("{FAE04EC0-301F-11D3-BF4B-00C04F79EFBC}") = "19-Metodos", "19-Metodos.csproj", "{96F64C3A-7DBE-4F85-A61C-20BE9E0A16EF}"
EndProject
Global
	GlobalSection(SolutionConfigurationPlatforms) = preSolution
		Debug|Any CPU = Debug|Any CPU
		Release|Any CPU = Release|Any CPU
	EndGlobalSection
	GlobalSection(ProjectConfigurationPlatforms) = postSolution
		{96F64C3A-7DBE-4F85-A61C-20BE9E0A16EF}.Debug|Any CPU.ActiveCfg = Debug|Any CPU
		{96F64C3A-7DBE-4F85-A61C-20BE9E0A16EF}.Debug|Any CPU.Build.0 = Debug|Any CPU
		{96F64C3A-7DBE-4F85-A61C-20BE9E0A16EF}.Release|Any CPU.ActiveCfg = Release|Any CPU
		{96F64C3A-7DBE-4F85-A61C-20BE9E0A16EF}.Release|Any CPU.Build.0 = Release|Any CPU
	EndGlobalSection
	GlobalSection(SolutionProperties) = preSolution
		HideSolutionNode = FALSE
	EndGlobalSection
	GlobalSection(ExtensibilityGlobals) = postSolution
		SolutionGuid = {DCBFEE4C-BB61-4DA1-8EF5-0852B0B51362}
	EndGlobalSection
EndGlobal
