
Microsoft Visual Studio Solution File, Format Version 12.00
# Visual Studio Version 17
VisualStudioVersion = 17.9.34701.34
MinimumVisualStudioVersion = 10.0.40219.1
Project("{FAE04EC0-301F-11D3-BF4B-00C04F79EFBC}") = "29-Cadeia-herença-construtor", "29-Cadeia-herença-construtor.csproj", "{0526FD0B-D113-4C67-9CC8-026E3EEC2D40}"
EndProject
Global
	GlobalSection(SolutionConfigurationPlatforms) = preSolution
		Debug|Any CPU = Debug|Any CPU
		Release|Any CPU = Release|Any CPU
	EndGlobalSection
	GlobalSection(ProjectConfigurationPlatforms) = postSolution
		{0526FD0B-D113-4C67-9CC8-026E3EEC2D40}.Debug|Any CPU.ActiveCfg = Debug|Any CPU
		{0526FD0B-D113-4C67-9CC8-026E3EEC2D40}.Debug|Any CPU.Build.0 = Debug|Any CPU
		{0526FD0B-D113-4C67-9CC8-026E3EEC2D40}.Release|Any CPU.ActiveCfg = Release|Any CPU
		{0526FD0B-D113-4C67-9CC8-026E3EEC2D40}.Release|Any CPU.Build.0 = Release|Any CPU
	EndGlobalSection
	GlobalSection(SolutionProperties) = preSolution
		HideSolutionNode = FALSE
	EndGlobalSection
	GlobalSection(ExtensibilityGlobals) = postSolution
		SolutionGuid = {C8646458-399B-4D17-AC95-ECE074239F21}
	EndGlobalSection
EndGlobal
