
Microsoft Visual Studio Solution File, Format Version 12.00
# Visual Studio Version 17
VisualStudioVersion = 17.9.34701.34
MinimumVisualStudioVersion = 10.0.40219.1
Project("{FAE04EC0-301F-11D3-BF4B-00C04F79EFBC}") = "7-IF", "7-IF.csproj", "{D8287990-A905-488C-A032-01F93DD8F54D}"
EndProject
Global
	GlobalSection(SolutionConfigurationPlatforms) = preSolution
		Debug|Any CPU = Debug|Any CPU
		Release|Any CPU = Release|Any CPU
	EndGlobalSection
	GlobalSection(ProjectConfigurationPlatforms) = postSolution
		{D8287990-A905-488C-A032-01F93DD8F54D}.Debug|Any CPU.ActiveCfg = Debug|Any CPU
		{D8287990-A905-488C-A032-01F93DD8F54D}.Debug|Any CPU.Build.0 = Debug|Any CPU
		{D8287990-A905-488C-A032-01F93DD8F54D}.Release|Any CPU.ActiveCfg = Release|Any CPU
		{D8287990-A905-488C-A032-01F93DD8F54D}.Release|Any CPU.Build.0 = Release|Any CPU
	EndGlobalSection
	GlobalSection(SolutionProperties) = preSolution
		HideSolutionNode = FALSE
	EndGlobalSection
	GlobalSection(ExtensibilityGlobals) = postSolution
		SolutionGuid = {4040BBAA-AAAC-4EEB-84A0-EB6C1545575B}
	EndGlobalSection
EndGlobal
