
Microsoft Visual Studio Solution File, Format Version 12.00
# Visual Studio Version 17
VisualStudioVersion = 17.9.34701.34
MinimumVisualStudioVersion = 10.0.40219.1
Project("{FAE04EC0-301F-11D3-BF4B-00C04F79EFBC}") = "22-Argumento-PARAMS", "22-Argumento-PARAMS.csproj", "{64647167-6ED7-443F-8782-99B22729DAEB}"
EndProject
Global
	GlobalSection(SolutionConfigurationPlatforms) = preSolution
		Debug|Any CPU = Debug|Any CPU
		Release|Any CPU = Release|Any CPU
	EndGlobalSection
	GlobalSection(ProjectConfigurationPlatforms) = postSolution
		{64647167-6ED7-443F-8782-99B22729DAEB}.Debug|Any CPU.ActiveCfg = Debug|Any CPU
		{64647167-6ED7-443F-8782-99B22729DAEB}.Debug|Any CPU.Build.0 = Debug|Any CPU
		{64647167-6ED7-443F-8782-99B22729DAEB}.Release|Any CPU.ActiveCfg = Release|Any CPU
		{64647167-6ED7-443F-8782-99B22729DAEB}.Release|Any CPU.Build.0 = Release|Any CPU
	EndGlobalSection
	GlobalSection(SolutionProperties) = preSolution
		HideSolutionNode = FALSE
	EndGlobalSection
	GlobalSection(ExtensibilityGlobals) = postSolution
		SolutionGuid = {B7C0EDB1-E26F-4417-BE2C-2F506BDEBBAD}
	EndGlobalSection
EndGlobal
