
Microsoft Visual Studio Solution File, Format Version 12.00
# Visual Studio Version 17
VisualStudioVersion = 17.9.34701.34
MinimumVisualStudioVersion = 10.0.40219.1
Project("{FAE04EC0-301F-11D3-BF4B-00C04F79EFBC}") = "3-Constantes", "3-Constantes.csproj", "{A1EBA030-CF1C-4FA1-82AC-779806C2FE65}"
EndProject
Global
	GlobalSection(SolutionConfigurationPlatforms) = preSolution
		Debug|Any CPU = Debug|Any CPU
		Release|Any CPU = Release|Any CPU
	EndGlobalSection
	GlobalSection(ProjectConfigurationPlatforms) = postSolution
		{A1EBA030-CF1C-4FA1-82AC-779806C2FE65}.Debug|Any CPU.ActiveCfg = Debug|Any CPU
		{A1EBA030-CF1C-4FA1-82AC-779806C2FE65}.Debug|Any CPU.Build.0 = Debug|Any CPU
		{A1EBA030-CF1C-4FA1-82AC-779806C2FE65}.Release|Any CPU.ActiveCfg = Release|Any CPU
		{A1EBA030-CF1C-4FA1-82AC-779806C2FE65}.Release|Any CPU.Build.0 = Release|Any CPU
	EndGlobalSection
	GlobalSection(SolutionProperties) = preSolution
		HideSolutionNode = FALSE
	EndGlobalSection
	GlobalSection(ExtensibilityGlobals) = postSolution
		SolutionGuid = {9227FBF3-601C-49D2-8E05-28EDD7DB60FC}
	EndGlobalSection
EndGlobal
