
Microsoft Visual Studio Solution File, Format Version 12.00
# Visual Studio Version 17
VisualStudioVersion = 17.9.34701.34
MinimumVisualStudioVersion = 10.0.40219.1
Project("{FAE04EC0-301F-11D3-BF4B-00C04F79EFBC}") = "24-Sobrecarga-Construtores", "24-Sobrecarga-Construtores.csproj", "{5B3FB5DB-DD78-480B-A0B5-F444D4057666}"
EndProject
Global
	GlobalSection(SolutionConfigurationPlatforms) = preSolution
		Debug|Any CPU = Debug|Any CPU
		Release|Any CPU = Release|Any CPU
	EndGlobalSection
	GlobalSection(ProjectConfigurationPlatforms) = postSolution
		{5B3FB5DB-DD78-480B-A0B5-F444D4057666}.Debug|Any CPU.ActiveCfg = Debug|Any CPU
		{5B3FB5DB-DD78-480B-A0B5-F444D4057666}.Debug|Any CPU.Build.0 = Debug|Any CPU
		{5B3FB5DB-DD78-480B-A0B5-F444D4057666}.Release|Any CPU.ActiveCfg = Release|Any CPU
		{5B3FB5DB-DD78-480B-A0B5-F444D4057666}.Release|Any CPU.Build.0 = Release|Any CPU
	EndGlobalSection
	GlobalSection(SolutionProperties) = preSolution
		HideSolutionNode = FALSE
	EndGlobalSection
	GlobalSection(ExtensibilityGlobals) = postSolution
		SolutionGuid = {5C0441F0-E079-404B-954F-D25F8D79CEFE}
	EndGlobalSection
EndGlobal
